
Microsoft Visual Studio Solution File, Format Version 12.00
# Visual Studio Version 16
VisualStudioVersion = 16.0.29806.167
MinimumVisualStudioVersion = 10.0.40219.1
Project("{9A19103F-16F7-4668-BE54-9A1E7A4F7556}") = "Wellness.Client", "Wellness.Client\Wellness.Client.csproj", "{5CBB6555-826D-4993-A564-17BFEAD3FF89}"
EndProject
Project("{9A19103F-16F7-4668-BE54-9A1E7A4F7556}") = "Wellness.Model", "Wellness.Model\Wellness.Model.csproj", "{A372B7C6-B402-4BA9-A488-69BF102356E7}"
EndProject
Project("{2150E333-8FDC-42A3-9474-1A3956D46DE8}") = "Solution Items", "Solution Items", "{8E3477C2-5546-470A-BD0F-A4776E3A592A}"
	ProjectSection(SolutionItems) = preProject
		README.md = README.md
		SignUpOrSignin.xml = SignUpOrSignin.xml
		TrustFrameworkBase.xml = TrustFrameworkBase.xml
		TrustFrameworkExtensions.xml = TrustFrameworkExtensions.xml
	EndProjectSection
EndProject
Project("{9A19103F-16F7-4668-BE54-9A1E7A4F7556}") = "Wellness.Api", "Wellness.Api\Wellness.Api.csproj", "{8E2B5A64-80C1-4ACC-B769-D0938ED87511}"
EndProject
Project("{9A19103F-16F7-4668-BE54-9A1E7A4F7556}") = "Wellness.Domain", "Wellness.Domain\Wellness.Domain.csproj", "{AABE5CCC-3019-4F84-8912-5B9FEE3C6932}"
EndProject
Project("{9A19103F-16F7-4668-BE54-9A1E7A4F7556}") = "Wellness.Persistance.Mongo", "Wellness.Persistance.Mongo\Wellness.Persistance.Mongo.csproj", "{29B2F770-E6FA-4C54-8E97-1D6813271F26}"
EndProject
Project("{9A19103F-16F7-4668-BE54-9A1E7A4F7556}") = "Wellness.Authorization.Api", "Wellness.Authorization.Api\Wellness.Authorization.Api.csproj", "{3039DFAE-A06E-4CD2-A8AE-72D1F089E507}"
EndProject
Global
	GlobalSection(SolutionConfigurationPlatforms) = preSolution
		Debug|Any CPU = Debug|Any CPU
		Release|Any CPU = Release|Any CPU
	EndGlobalSection
	GlobalSection(ProjectConfigurationPlatforms) = postSolution
		{5CBB6555-826D-4993-A564-17BFEAD3FF89}.Debug|Any CPU.ActiveCfg = Debug|Any CPU
		{5CBB6555-826D-4993-A564-17BFEAD3FF89}.Debug|Any CPU.Build.0 = Debug|Any CPU
		{5CBB6555-826D-4993-A564-17BFEAD3FF89}.Release|Any CPU.ActiveCfg = Release|Any CPU
		{5CBB6555-826D-4993-A564-17BFEAD3FF89}.Release|Any CPU.Build.0 = Release|Any CPU
		{A372B7C6-B402-4BA9-A488-69BF102356E7}.Debug|Any CPU.ActiveCfg = Debug|Any CPU
		{A372B7C6-B402-4BA9-A488-69BF102356E7}.Debug|Any CPU.Build.0 = Debug|Any CPU
		{A372B7C6-B402-4BA9-A488-69BF102356E7}.Release|Any CPU.ActiveCfg = Release|Any CPU
		{A372B7C6-B402-4BA9-A488-69BF102356E7}.Release|Any CPU.Build.0 = Release|Any CPU
		{8E2B5A64-80C1-4ACC-B769-D0938ED87511}.Debug|Any CPU.ActiveCfg = Debug|Any CPU
		{8E2B5A64-80C1-4ACC-B769-D0938ED87511}.Debug|Any CPU.Build.0 = Debug|Any CPU
		{8E2B5A64-80C1-4ACC-B769-D0938ED87511}.Release|Any CPU.ActiveCfg = Release|Any CPU
		{8E2B5A64-80C1-4ACC-B769-D0938ED87511}.Release|Any CPU.Build.0 = Release|Any CPU
		{AABE5CCC-3019-4F84-8912-5B9FEE3C6932}.Debug|Any CPU.ActiveCfg = Debug|Any CPU
		{AABE5CCC-3019-4F84-8912-5B9FEE3C6932}.Debug|Any CPU.Build.0 = Debug|Any CPU
		{AABE5CCC-3019-4F84-8912-5B9FEE3C6932}.Release|Any CPU.ActiveCfg = Release|Any CPU
		{AABE5CCC-3019-4F84-8912-5B9FEE3C6932}.Release|Any CPU.Build.0 = Release|Any CPU
		{29B2F770-E6FA-4C54-8E97-1D6813271F26}.Debug|Any CPU.ActiveCfg = Debug|Any CPU
		{29B2F770-E6FA-4C54-8E97-1D6813271F26}.Debug|Any CPU.Build.0 = Debug|Any CPU
		{29B2F770-E6FA-4C54-8E97-1D6813271F26}.Release|Any CPU.ActiveCfg = Release|Any CPU
		{29B2F770-E6FA-4C54-8E97-1D6813271F26}.Release|Any CPU.Build.0 = Release|Any CPU
		{3039DFAE-A06E-4CD2-A8AE-72D1F089E507}.Debug|Any CPU.ActiveCfg = Debug|Any CPU
		{3039DFAE-A06E-4CD2-A8AE-72D1F089E507}.Debug|Any CPU.Build.0 = Debug|Any CPU
		{3039DFAE-A06E-4CD2-A8AE-72D1F089E507}.Release|Any CPU.ActiveCfg = Release|Any CPU
		{3039DFAE-A06E-4CD2-A8AE-72D1F089E507}.Release|Any CPU.Build.0 = Release|Any CPU
	EndGlobalSection
	GlobalSection(SolutionProperties) = preSolution
		HideSolutionNode = FALSE
	EndGlobalSection
	GlobalSection(ExtensibilityGlobals) = postSolution
		SolutionGuid = {A72D5EBA-55BD-483E-A91A-1AD793BAE31B}
	EndGlobalSection
EndGlobal
