{
  "requires": true,
  "lockfileVersion": 1,
  "dependencies": {
    "mdbootstrap": {
      "version": "4.15.0",
      "resolved": "https://registry.npmjs.org/mdbootstrap/-/mdbootstrap-4.15.0.tgz",
      "integrity": "sha512-aGLN242RrMPtyuNAeyqYwb9ukBlZGoyB3XXkJFSynWHAb7J0NKB5Y3kmcEzdgQQu304ckgPcMlb4i6w3bBrN1g=="
    }
  }
}
